{
  "originHash" : "60cf5cfe7425f8a57b455c6f16a17c2457861f8b996b164f7bdb9ab85f3e0664",
  "pins" : [
    {
      "identity" : "swift-builders",
      "kind" : "remoteSourceControl",
      "location" : "https://github.com/davdroman/swift-builders",
      "state" : {
        "revision" : "72cfbfffd6a56883a3c590a87f88a71c819d6de3",
        "version" : "0.10.0"
      }
    }
  ],
  "version" : 3
}
